<?xml version="1.0" encoding="utf-8"?>
<Project ToolsVersion="4.0" xmlns="http://schemas.microsoft.com/developer/msbuild/2003">
  <ItemGroup>
    <Filter Include="來源檔案">
      <UniqueIdentifier>{4FC737F1-C7A5-4376-A066-2A32D752A2FF}</UniqueIdentifier>
      <Extensions>cpp;c;cc;cxx;def;odl;idl;hpj;bat;asm;asmx</Extensions>
    </Filter>
    <Filter Include="標頭檔">
      <UniqueIdentifier>{93995380-89BD-4b04-88EB-625FBE52EBFB}</UniqueIdentifier>
      <Extensions>h;hh;hpp;hxx;hm;inl;inc;ipp;xsd</Extensions>
    </Filter>
    <Filter Include="標頭檔\Map">
      <UniqueIdentifier>{24b8fd83-4978-4400-8021-fda6898d13b2}</UniqueIdentifier>
    </Filter>
    <Filter Include="來源檔案\Map">
      <UniqueIdentifier>{d9cc64ff-fcec-4971-a285-5b5953e2489c}</UniqueIdentifier>
    </Filter>
    <Filter Include="來源檔案\LifeEntity">
      <UniqueIdentifier>{325081ec-442a-4d43-9652-4ec06705c64d}</UniqueIdentifier>
    </Filter>
    <Filter Include="標頭檔\LifeEntity">
      <UniqueIdentifier>{87fc9054-29ed-4830-b70f-7bfc291a8b89}</UniqueIdentifier>
    </Filter>
    <Filter Include="資源檔">
      <UniqueIdentifier>{67DA6AB6-F800-4c08-8B7A-83BB121AAD01}</UniqueIdentifier>
      <Extensions>rc;ico;cur;bmp;dlg;rc2;rct;bin;rgs;gif;jpg;jpeg;jpe;resx;tiff;tif;png;wav;mfcribbon-ms</Extensions>
    </Filter>
    <Filter Include="標頭檔\Account">
      <UniqueIdentifier>{ddd42ce6-26aa-4769-aa8d-990d4351a191}</UniqueIdentifier>
    </Filter>
    <Filter Include="來源檔案\Account">
      <UniqueIdentifier>{88939216-f00b-4e26-b496-222f28e259f0}</UniqueIdentifier>
    </Filter>
    <Filter Include="標頭檔\LifeEntity\Roles">
      <UniqueIdentifier>{91dad01a-3d5b-4518-9e1c-0c53ccf7488c}</UniqueIdentifier>
    </Filter>
    <Filter Include="標頭檔\Tool">
      <UniqueIdentifier>{fffb3050-396d-4c27-b65a-5616d080b227}</UniqueIdentifier>
    </Filter>
    <Filter Include="來源檔案\LifeEntity\Roles">
      <UniqueIdentifier>{938b7f5f-f9ff-4f90-b4f8-7b58fe9a4a0b}</UniqueIdentifier>
    </Filter>
    <Filter Include="來源檔案\Tool">
      <UniqueIdentifier>{56f9d95c-21cb-462b-9989-57f91c00b71b}</UniqueIdentifier>
    </Filter>
    <Filter Include="來源檔案\keyboard_Event">
      <UniqueIdentifier>{1543188e-7f3d-461e-ad9a-13d439b64f8e}</UniqueIdentifier>
    </Filter>
    <Filter Include="標頭檔\keyboard_Event">
      <UniqueIdentifier>{2b3fc2cc-31d7-4c0f-a85f-ca7fe5ff27ba}</UniqueIdentifier>
    </Filter>
  </ItemGroup>
  <ItemGroup>
    <ClInclude Include="include\Map\Map_object.h">
      <Filter>標頭檔\Map</Filter>
    </ClInclude>
    <ClInclude Include="include\Map\Draw.h">
      <Filter>標頭檔\Map</Filter>
    </ClInclude>
    <ClInclude Include="include\LifeEntity\Attributes.h">
      <Filter>標頭檔\LifeEntity</Filter>
    </ClInclude>
    <ClInclude Include="include\LifeEntity\Roles\Roles.h">
      <Filter>標頭檔\LifeEntity\Roles</Filter>
    </ClInclude>
    <ClInclude Include="include\LifeEntity\LifeAttributes.h">
      <Filter>標頭檔\LifeEntity</Filter>
    </ClInclude>
    <ClInclude Include="include\Tool\Tool.h">
      <Filter>標頭檔\Tool</Filter>
    </ClInclude>
    <ClInclude Include="include\LifeEntity\Roles\Race.h">
      <Filter>標頭檔\LifeEntity\Roles</Filter>
    </ClInclude>
    <ClInclude Include="include\Map\Game_Map.h">
      <Filter>標頭檔\Map</Filter>
    </ClInclude>
    <ClInclude Include="include\keyboard_Event\Keyboard_Event.h">
      <Filter>標頭檔\keyboard_Event</Filter>
    </ClInclude>
    <ClInclude Include="include\LifeEntity\Monster\Monster.h">
      <Filter>標頭檔</Filter>
    </ClInclude>
    <ClInclude Include="include\Map\Map_Pos.h">
      <Filter>標頭檔</Filter>
    </ClInclude>
    <ClInclude Include="include\LifeEntity\Fighting\Fighting.h">
      <Filter>標頭檔</Filter>
    </ClInclude>
    <ClInclude Include="include\Account\Account.h">
      <Filter>標頭檔\Account</Filter>
    </ClInclude>
    <ClInclude Include="include\Account\RolesList.h">
      <Filter>標頭檔\Account</Filter>
    </ClInclude>
    <ClInclude Include="include\LifeEntity\Roles\Back_Pack\Back_Pack.h">
      <Filter>標頭檔\LifeEntity\Roles</Filter>
    </ClInclude>
    <ClInclude Include="include\Type.h">
      <Filter>標頭檔</Filter>
    </ClInclude>
    <ClInclude Include="include\LifeEntity\Roles\Equipment\Equipment.h">
      <Filter>標頭檔\LifeEntity</Filter>
    </ClInclude>
    <ClInclude Include="include\LifeEntity\Roles\Equipment\Equipment_Attributes.h">
      <Filter>標頭檔</Filter>
    </ClInclude>
    <ClInclude Include="include\LifeEntity\Roles\Back_Pack\Goods.h">
      <Filter>標頭檔</Filter>
    </ClInclude>
    <ClInclude Include="include\LifeEntity\Roles\Role.h">
      <Filter>標頭檔</Filter>
    </ClInclude>
  </ItemGroup>
  <ItemGroup>
    <ClCompile Include="lib\Map\Map_object.cpp">
      <Filter>來源檔案\Map</Filter>
    </ClCompile>
    <ClCompile Include="lib\Map\Draw.cpp">
      <Filter>來源檔案\Map</Filter>
    </ClCompile>
    <ClCompile Include="main.cpp">
      <Filter>來源檔案</Filter>
    </ClCompile>
    <ClCompile Include="lib\LifeEntity\Attributes.cpp">
      <Filter>來源檔案\LifeEntity</Filter>
    </ClCompile>
    <ClCompile Include="lib\Account\Account.cpp">
      <Filter>來源檔案\Account</Filter>
    </ClCompile>
    <ClCompile Include="lib\Account\RolesList.cpp">
      <Filter>來源檔案\Account</Filter>
    </ClCompile>
    <ClCompile Include="lib\LifeEntity\Roles\Roles.cpp">
      <Filter>來源檔案\LifeEntity\Roles</Filter>
    </ClCompile>
    <ClCompile Include="lib\LifeEntity\LifeAttributes.cpp">
      <Filter>來源檔案\LifeEntity</Filter>
    </ClCompile>
    <ClCompile Include="lib\LifeEntity\Roles\Race.cpp">
      <Filter>來源檔案\LifeEntity\Roles</Filter>
    </ClCompile>
    <ClCompile Include="lib\Tool\Tool.cpp">
      <Filter>來源檔案\Tool</Filter>
    </ClCompile>
    <ClCompile Include="lib\Map\Game_Map.cpp">
      <Filter>來源檔案\Map</Filter>
    </ClCompile>
    <ClCompile Include="lib\keyboard_Event\Keyboard_Event.cpp">
      <Filter>來源檔案\keyboard_Event</Filter>
    </ClCompile>
    <ClCompile Include="lib\LifeEntity\Monster\Monster.cpp">
      <Filter>來源檔案</Filter>
    </ClCompile>
    <ClCompile Include="lib\Map\Map_Pos.cpp">
      <Filter>來源檔案</Filter>
    </ClCompile>
    <ClCompile Include="lib\LifeEntity\Fighting\Fighting.cpp">
      <Filter>來源檔案</Filter>
    </ClCompile>
    <ClCompile Include="lib\LifeEntity\Roles\Back_Pack\Back_Pack.cpp">
      <Filter>來源檔案</Filter>
    </ClCompile>
    <ClCompile Include="lib\Type.cpp">
      <Filter>來源檔案</Filter>
    </ClCompile>
    <ClCompile Include="lib\LifeEntity\Roles\Equipment\Equipment.cpp">
      <Filter>來源檔案\LifeEntity\Roles</Filter>
    </ClCompile>
    <ClCompile Include="lib\LifeEntity\Roles\Equipment\Equipment_Attributes.cpp">
      <Filter>來源檔案</Filter>
    </ClCompile>
    <ClCompile Include="lib\LifeEntity\Roles\Back_Pack\Goods.cpp">
      <Filter>來源檔案</Filter>
    </ClCompile>
    <ClCompile Include="lib\LifeEntity\Roles\Role.cpp">
      <Filter>來源檔案</Filter>
    </ClCompile>
  </ItemGroup>
</Project>