
Microsoft Visual Studio Solution File, Format Version 12.00
# Visual Studio Version 16
VisualStudioVersion = 16.0.29609.76
MinimumVisualStudioVersion = 10.0.40219.1
Project("{8BC9CEB8-8B4A-11D0-8D11-00A0C91BC942}") = "OOP_Terminal_miniGame", "OOP_Terminal_miniGame\OOP_Terminal_miniGame.vcxproj", "{2D8B4E11-05A0-492A-8B30-B2AE5303B3CB}"
EndProject
Global
	GlobalSection(SolutionConfigurationPlatforms) = preSolution
		Debug|x64 = Debug|x64
		Debug|x86 = Debug|x86
		Release|x64 = Release|x64
		Release|x86 = Release|x86
	EndGlobalSection
	GlobalSection(ProjectConfigurationPlatforms) = postSolution
		{2D8B4E11-05A0-492A-8B30-B2AE5303B3CB}.Debug|x64.ActiveCfg = Debug|x64
		{2D8B4E11-05A0-492A-8B30-B2AE5303B3CB}.Debug|x64.Build.0 = Debug|x64
		{2D8B4E11-05A0-492A-8B30-B2AE5303B3CB}.Debug|x86.ActiveCfg = Debug|Win32
		{2D8B4E11-05A0-492A-8B30-B2AE5303B3CB}.Debug|x86.Build.0 = Debug|Win32
		{2D8B4E11-05A0-492A-8B30-B2AE5303B3CB}.Release|x64.ActiveCfg = Release|x64
		{2D8B4E11-05A0-492A-8B30-B2AE5303B3CB}.Release|x64.Build.0 = Release|x64
		{2D8B4E11-05A0-492A-8B30-B2AE5303B3CB}.Release|x86.ActiveCfg = Release|Win32
		{2D8B4E11-05A0-492A-8B30-B2AE5303B3CB}.Release|x86.Build.0 = Release|Win32
	EndGlobalSection
	GlobalSection(SolutionProperties) = preSolution
		HideSolutionNode = FALSE
	EndGlobalSection
	GlobalSection(ExtensibilityGlobals) = postSolution
		SolutionGuid = {A1E13799-AE18-461B-8BAD-5075408104AA}
	EndGlobalSection
EndGlobal
